
Microsoft Visual Studio Solution File, Format Version 12.00
# Visual Studio 15
VisualStudioVersion = 15.0.26127.0
MinimumVisualStudioVersion = 10.0.40219.1
Project("{9A19103F-16F7-4668-BE54-9A1E7A4F7556}") = "Typify", "src\Typify\Typify.csproj", "{E8C64AEA-02FB-4E88-A3EA-74FBAD09E05B}"
EndProject
Project("{9A19103F-16F7-4668-BE54-9A1E7A4F7556}") = "Typify.Test", "test\Typify.Test\Typify.Test.csproj", "{285F9AEA-E891-41A7-A654-96F3921CB01E}"
EndProject
Project("{FAE04EC0-301F-11D3-BF4B-00C04F79EFBC}") = "Typify.Cli", "src\Typify.Cli\Typify.Cli.csproj", "{47D40DD1-750D-400F-9644-FFBADA330CDD}"
EndProject
Project("{2150E333-8FDC-42A3-9474-1A3956D46DE8}") = "~", "~", "{BC8CBF37-D813-4404-8311-6961B9ED669A}"
	ProjectSection(SolutionItems) = preProject
		.gitignore = .gitignore
		appveyor.yml = appveyor.yml
		LICENSE.md = LICENSE.md
		README.md = README.md
	EndProjectSection
EndProject
Global
	GlobalSection(SolutionConfigurationPlatforms) = preSolution
		Debug|Any CPU = Debug|Any CPU
		Debug|x64 = Debug|x64
		Debug|x86 = Debug|x86
		Release|Any CPU = Release|Any CPU
		Release|x64 = Release|x64
		Release|x86 = Release|x86
	EndGlobalSection
	GlobalSection(ProjectConfigurationPlatforms) = postSolution
		{E8C64AEA-02FB-4E88-A3EA-74FBAD09E05B}.Debug|Any CPU.ActiveCfg = Debug|Any CPU
		{E8C64AEA-02FB-4E88-A3EA-74FBAD09E05B}.Debug|Any CPU.Build.0 = Debug|Any CPU
		{E8C64AEA-02FB-4E88-A3EA-74FBAD09E05B}.Debug|x64.ActiveCfg = Debug|x64
		{E8C64AEA-02FB-4E88-A3EA-74FBAD09E05B}.Debug|x64.Build.0 = Debug|x64
		{E8C64AEA-02FB-4E88-A3EA-74FBAD09E05B}.Debug|x86.ActiveCfg = Debug|x86
		{E8C64AEA-02FB-4E88-A3EA-74FBAD09E05B}.Debug|x86.Build.0 = Debug|x86
		{E8C64AEA-02FB-4E88-A3EA-74FBAD09E05B}.Release|Any CPU.ActiveCfg = Release|Any CPU
		{E8C64AEA-02FB-4E88-A3EA-74FBAD09E05B}.Release|Any CPU.Build.0 = Release|Any CPU
		{E8C64AEA-02FB-4E88-A3EA-74FBAD09E05B}.Release|x64.ActiveCfg = Release|x64
		{E8C64AEA-02FB-4E88-A3EA-74FBAD09E05B}.Release|x64.Build.0 = Release|x64
		{E8C64AEA-02FB-4E88-A3EA-74FBAD09E05B}.Release|x86.ActiveCfg = Release|x86
		{E8C64AEA-02FB-4E88-A3EA-74FBAD09E05B}.Release|x86.Build.0 = Release|x86
		{285F9AEA-E891-41A7-A654-96F3921CB01E}.Debug|Any CPU.ActiveCfg = Debug|Any CPU
		{285F9AEA-E891-41A7-A654-96F3921CB01E}.Debug|Any CPU.Build.0 = Debug|Any CPU
		{285F9AEA-E891-41A7-A654-96F3921CB01E}.Debug|x64.ActiveCfg = Debug|x64
		{285F9AEA-E891-41A7-A654-96F3921CB01E}.Debug|x64.Build.0 = Debug|x64
		{285F9AEA-E891-41A7-A654-96F3921CB01E}.Debug|x86.ActiveCfg = Debug|x86
		{285F9AEA-E891-41A7-A654-96F3921CB01E}.Debug|x86.Build.0 = Debug|x86
		{285F9AEA-E891-41A7-A654-96F3921CB01E}.Release|Any CPU.ActiveCfg = Release|Any CPU
		{285F9AEA-E891-41A7-A654-96F3921CB01E}.Release|Any CPU.Build.0 = Release|Any CPU
		{285F9AEA-E891-41A7-A654-96F3921CB01E}.Release|x64.ActiveCfg = Release|x64
		{285F9AEA-E891-41A7-A654-96F3921CB01E}.Release|x64.Build.0 = Release|x64
		{285F9AEA-E891-41A7-A654-96F3921CB01E}.Release|x86.ActiveCfg = Release|x86
		{285F9AEA-E891-41A7-A654-96F3921CB01E}.Release|x86.Build.0 = Release|x86
		{47D40DD1-750D-400F-9644-FFBADA330CDD}.Debug|Any CPU.ActiveCfg = Debug|Any CPU
		{47D40DD1-750D-400F-9644-FFBADA330CDD}.Debug|Any CPU.Build.0 = Debug|Any CPU
		{47D40DD1-750D-400F-9644-FFBADA330CDD}.Debug|x64.ActiveCfg = Debug|x64
		{47D40DD1-750D-400F-9644-FFBADA330CDD}.Debug|x64.Build.0 = Debug|x64
		{47D40DD1-750D-400F-9644-FFBADA330CDD}.Debug|x86.ActiveCfg = Debug|x86
		{47D40DD1-750D-400F-9644-FFBADA330CDD}.Debug|x86.Build.0 = Debug|x86
		{47D40DD1-750D-400F-9644-FFBADA330CDD}.Release|Any CPU.ActiveCfg = Release|Any CPU
		{47D40DD1-750D-400F-9644-FFBADA330CDD}.Release|Any CPU.Build.0 = Release|Any CPU
		{47D40DD1-750D-400F-9644-FFBADA330CDD}.Release|x64.ActiveCfg = Release|x64
		{47D40DD1-750D-400F-9644-FFBADA330CDD}.Release|x64.Build.0 = Release|x64
		{47D40DD1-750D-400F-9644-FFBADA330CDD}.Release|x86.ActiveCfg = Release|x86
		{47D40DD1-750D-400F-9644-FFBADA330CDD}.Release|x86.Build.0 = Release|x86
	EndGlobalSection
	GlobalSection(SolutionProperties) = preSolution
		HideSolutionNode = FALSE
	EndGlobalSection
EndGlobal
